
Microsoft Visual Studio Solution File, Format Version 12.00
# Visual Studio Version 16
VisualStudioVersion = 16.0.29728.190
MinimumVisualStudioVersion = 10.0.40219.1
Project("{FAE04EC0-301F-11D3-BF4B-00C04F79EFBC}") = "UsersApi", "UsersApi\UsersApi.csproj", "{3BE716C5-42DB-4AC9-AA4A-291F775D8BAC}"
EndProject
Project("{2150E333-8FDC-42A3-9474-1A3956D46DE8}") = "src", "src", "{EA9CA19D-C0EF-425B-A021-88DEAA8BA378}"
EndProject
Global
	GlobalSection(SolutionConfigurationPlatforms) = preSolution
		Debug|Any CPU = Debug|Any CPU
		Release|Any CPU = Release|Any CPU
	EndGlobalSection
	GlobalSection(ProjectConfigurationPlatforms) = postSolution
		{3BE716C5-42DB-4AC9-AA4A-291F775D8BAC}.Debug|Any CPU.ActiveCfg = Debug|Any CPU
		{3BE716C5-42DB-4AC9-AA4A-291F775D8BAC}.Debug|Any CPU.Build.0 = Debug|Any CPU
		{3BE716C5-42DB-4AC9-AA4A-291F775D8BAC}.Release|Any CPU.ActiveCfg = Release|Any CPU
		{3BE716C5-42DB-4AC9-AA4A-291F775D8BAC}.Release|Any CPU.Build.0 = Release|Any CPU
	EndGlobalSection
	GlobalSection(SolutionProperties) = preSolution
		HideSolutionNode = FALSE
	EndGlobalSection
	GlobalSection(NestedProjects) = preSolution
		{3BE716C5-42DB-4AC9-AA4A-291F775D8BAC} = {EA9CA19D-C0EF-425B-A021-88DEAA8BA378}
	EndGlobalSection
	GlobalSection(ExtensibilityGlobals) = postSolution
		SolutionGuid = {AB013ED6-B1FE-480E-83BB-0B8A749B57D9}
	EndGlobalSection
EndGlobal
